
Microsoft Visual Studio Solution File, Format Version 12.00
# Visual Studio Version 17
VisualStudioVersion = 17.11.35327.3
MinimumVisualStudioVersion = 10.0.40219.1
Project("{FAE04EC0-301F-11D3-BF4B-00C04F79EFBC}") = "S10267660_PRG2Assignment", "S10267660_PRG2Assignment\S10267660_PRG2Assignment.csproj", "{345A7E08-ECE9-4FFC-BD9F-934EDDBCB935}"
EndProject
Global
	GlobalSection(SolutionConfigurationPlatforms) = preSolution
		Debug|Any CPU = Debug|Any CPU
		Release|Any CPU = Release|Any CPU
	EndGlobalSection
	GlobalSection(ProjectConfigurationPlatforms) = postSolution
		{345A7E08-ECE9-4FFC-BD9F-934EDDBCB935}.Debug|Any CPU.ActiveCfg = Debug|Any CPU
		{345A7E08-ECE9-4FFC-BD9F-934EDDBCB935}.Debug|Any CPU.Build.0 = Debug|Any CPU
		{345A7E08-ECE9-4FFC-BD9F-934EDDBCB935}.Release|Any CPU.ActiveCfg = Release|Any CPU
		{345A7E08-ECE9-4FFC-BD9F-934EDDBCB935}.Release|Any CPU.Build.0 = Release|Any CPU
	EndGlobalSection
	GlobalSection(SolutionProperties) = preSolution
		HideSolutionNode = FALSE
	EndGlobalSection
	GlobalSection(ExtensibilityGlobals) = postSolution
		SolutionGuid = {8DD923C3-1568-4C2C-8FB4-DB4D16EA00BC}
	EndGlobalSection
EndGlobal
